
Microsoft Visual Studio Solution File, Format Version 12.00
# Visual Studio 15
VisualStudioVersion = 15.0.26403.3
MinimumVisualStudioVersion = 10.0.40219.1
Project("{FAE04EC0-301F-11D3-BF4B-00C04F79EFBC}") = "EventHubListener", "EventHubListener\EventHubListener.csproj", "{278BE8ED-3199-4164-BAFF-C76556B69C28}"
EndProject
Project("{FAE04EC0-301F-11D3-BF4B-00C04F79EFBC}") = "ServiceApp", "ServiceApp\ServiceApp.csproj", "{C5F34B8C-A2BB-4266-96DF-B98BF6227D74}"
EndProject
Project("{FAE04EC0-301F-11D3-BF4B-00C04F79EFBC}") = "DotnetCoreApp", "DotnetCoreApp\DotnetCoreApp.csproj", "{53EFE0F2-637F-423E-997B-2E6B30DC8061}"
EndProject
Global
	GlobalSection(SolutionConfigurationPlatforms) = preSolution
		Debug|Any CPU = Debug|Any CPU
		Release|Any CPU = Release|Any CPU
	EndGlobalSection
	GlobalSection(ProjectConfigurationPlatforms) = postSolution
		{278BE8ED-3199-4164-BAFF-C76556B69C28}.Debug|Any CPU.ActiveCfg = Debug|Any CPU
		{278BE8ED-3199-4164-BAFF-C76556B69C28}.Debug|Any CPU.Build.0 = Debug|Any CPU
		{278BE8ED-3199-4164-BAFF-C76556B69C28}.Release|Any CPU.ActiveCfg = Release|Any CPU
		{278BE8ED-3199-4164-BAFF-C76556B69C28}.Release|Any CPU.Build.0 = Release|Any CPU
		{C5F34B8C-A2BB-4266-96DF-B98BF6227D74}.Debug|Any CPU.ActiveCfg = Debug|Any CPU
		{C5F34B8C-A2BB-4266-96DF-B98BF6227D74}.Debug|Any CPU.Build.0 = Debug|Any CPU
		{C5F34B8C-A2BB-4266-96DF-B98BF6227D74}.Release|Any CPU.ActiveCfg = Release|Any CPU
		{C5F34B8C-A2BB-4266-96DF-B98BF6227D74}.Release|Any CPU.Build.0 = Release|Any CPU
		{53EFE0F2-637F-423E-997B-2E6B30DC8061}.Debug|Any CPU.ActiveCfg = Debug|Any CPU
		{53EFE0F2-637F-423E-997B-2E6B30DC8061}.Debug|Any CPU.Build.0 = Debug|Any CPU
		{53EFE0F2-637F-423E-997B-2E6B30DC8061}.Release|Any CPU.ActiveCfg = Release|Any CPU
		{53EFE0F2-637F-423E-997B-2E6B30DC8061}.Release|Any CPU.Build.0 = Release|Any CPU
	EndGlobalSection
	GlobalSection(SolutionProperties) = preSolution
		HideSolutionNode = FALSE
	EndGlobalSection
EndGlobal
